
Microsoft Visual Studio Solution File, Format Version 12.00
# Visual Studio Version 17
VisualStudioVersion = 17.0.32014.148
MinimumVisualStudioVersion = 10.0.40219.1
Project("{FAE04EC0-301F-11D3-BF4B-00C04F79EFBC}") = "Fandoms", "Fandoms\Fandoms.csproj", "{CC80686C-B9B5-4FEB-9E07-DF63453A9203}"
EndProject
Global
	GlobalSection(SolutionConfigurationPlatforms) = preSolution
		Debug|Any CPU = Debug|Any CPU
		Release|Any CPU = Release|Any CPU
	EndGlobalSection
	GlobalSection(ProjectConfigurationPlatforms) = postSolution
		{CC80686C-B9B5-4FEB-9E07-DF63453A9203}.Debug|Any CPU.ActiveCfg = Debug|Any CPU
		{CC80686C-B9B5-4FEB-9E07-DF63453A9203}.Debug|Any CPU.Build.0 = Debug|Any CPU
		{CC80686C-B9B5-4FEB-9E07-DF63453A9203}.Release|Any CPU.ActiveCfg = Release|Any CPU
		{CC80686C-B9B5-4FEB-9E07-DF63453A9203}.Release|Any CPU.Build.0 = Release|Any CPU
	EndGlobalSection
	GlobalSection(SolutionProperties) = preSolution
		HideSolutionNode = FALSE
	EndGlobalSection
	GlobalSection(ExtensibilityGlobals) = postSolution
		SolutionGuid = {32F8439E-112E-43B1-A749-29B394F5481E}
	EndGlobalSection
EndGlobal
